
Microsoft Visual Studio Solution File, Format Version 12.00
# Visual Studio Version 17
VisualStudioVersion = 17.4.33205.214
MinimumVisualStudioVersion = 10.0.40219.1
Project("{FAE04EC0-301F-11D3-BF4B-00C04F79EFBC}") = "Mqtt-Rgb-Data-Sender", "Mqtt-Rgb-Data-Sender\Mqtt-Rgb-Data-Sender.csproj", "{662C4704-FBC8-4187-A0BB-0E29701F0D1A}"
EndProject
Global
	GlobalSection(SolutionConfigurationPlatforms) = preSolution
		Debug|Any CPU = Debug|Any CPU
		Release|Any CPU = Release|Any CPU
	EndGlobalSection
	GlobalSection(ProjectConfigurationPlatforms) = postSolution
		{662C4704-FBC8-4187-A0BB-0E29701F0D1A}.Debug|Any CPU.ActiveCfg = Debug|Any CPU
		{662C4704-FBC8-4187-A0BB-0E29701F0D1A}.Debug|Any CPU.Build.0 = Debug|Any CPU
		{662C4704-FBC8-4187-A0BB-0E29701F0D1A}.Release|Any CPU.ActiveCfg = Release|Any CPU
		{662C4704-FBC8-4187-A0BB-0E29701F0D1A}.Release|Any CPU.Build.0 = Release|Any CPU
	EndGlobalSection
	GlobalSection(SolutionProperties) = preSolution
		HideSolutionNode = FALSE
	EndGlobalSection
	GlobalSection(ExtensibilityGlobals) = postSolution
		SolutionGuid = {E92A1EE5-A1D3-4D37-805C-7272C278FF89}
	EndGlobalSection
EndGlobal
